# THIS IS AN AUTOGENERATED FILE. DO NOT EDIT THIS FILE DIRECTLY.
# yarn lockfile v1


"react-native-interactable@https://github.com/Nghi-NV/react-native-interactable.git":
  version "0.1.10"
  resolved "https://github.com/Nghi-NV/react-native-interactable.git#49e22f0109e797178d073ddee0cbffc044575baa"
